
Microsoft Visual Studio Solution File, Format Version 12.00
# Visual Studio Version 17
VisualStudioVersion = 17.8.34212.112
MinimumVisualStudioVersion = 10.0.40219.1
Project("{FAE04EC0-301F-11D3-BF4B-00C04F79EFBC}") = "navegadorweb", "navegadorweb\navegadorweb.csproj", "{C08FBD32-6B8D-44BE-9E9B-5450E53828B0}"
EndProject
Global
	GlobalSection(SolutionConfigurationPlatforms) = preSolution
		Debug|Any CPU = Debug|Any CPU
		Release|Any CPU = Release|Any CPU
	EndGlobalSection
	GlobalSection(ProjectConfigurationPlatforms) = postSolution
		{C08FBD32-6B8D-44BE-9E9B-5450E53828B0}.Debug|Any CPU.ActiveCfg = Debug|Any CPU
		{C08FBD32-6B8D-44BE-9E9B-5450E53828B0}.Debug|Any CPU.Build.0 = Debug|Any CPU
		{C08FBD32-6B8D-44BE-9E9B-5450E53828B0}.Release|Any CPU.ActiveCfg = Release|Any CPU
		{C08FBD32-6B8D-44BE-9E9B-5450E53828B0}.Release|Any CPU.Build.0 = Release|Any CPU
	EndGlobalSection
	GlobalSection(SolutionProperties) = preSolution
		HideSolutionNode = FALSE
	EndGlobalSection
	GlobalSection(ExtensibilityGlobals) = postSolution
		SolutionGuid = {19FE0CA7-D51B-4E20-9174-BDC00E931A3E}
	EndGlobalSection
EndGlobal
